// !$*UTF8*$!
{
	archiveVersion = 1;
	classes = {
	};
	objectVersion = 46;
	objects = {

/* Begin PBXAggregateTarget section */
		"CommonCrypto::CommonCrypto::ProductTarget" /* CommonCrypto */ = {
			isa = PBXAggregateTarget;
			buildConfigurationList = OBJ_91 /* Build configuration list for PBXAggregateTarget "CommonCrypto" */;
			buildPhases = (
			);
			dependencies = (
			);
			name = CommonCrypto;
			productName = CommonCrypto;
		};
		"SwiftAWSSignatureV4::SwiftAWSSignatureV4PackageTests::ProductTarget" /* SwiftAWSSignatureV4PackageTests */ = {
			isa = PBXAggregateTarget;
			buildConfigurationList = OBJ_86 /* Build configuration list for PBXAggregateTarget "SwiftAWSSignatureV4PackageTests" */;
			buildPhases = (
			);
			dependencies = (
				OBJ_89 /* PBXTargetDependency */,
			);
			name = SwiftAWSSignatureV4PackageTests;
			productName = SwiftAWSSignatureV4PackageTests;
		};
/* End PBXAggregateTarget section */

/* Begin PBXBuildFile section */
		OBJ_39 /* Package.swift in Sources */ = {isa = PBXBuildFile; fileRef = OBJ_6 /* Package.swift */; };
		OBJ_45 /* Package.swift in Sources */ = {isa = PBXBuildFile; fileRef = OBJ_29 /* Package.swift */; };
		OBJ_51 /* HexTests.swift in Sources */ = {isa = PBXBuildFile; fileRef = OBJ_15 /* HexTests.swift */; };
		OBJ_53 /* SwiftAWSSignatureV4.framework in Frameworks */ = {isa = PBXBuildFile; fileRef = "SwiftAWSSignatureV4::SwiftAWSSignatureV4::Product" /* SwiftAWSSignatureV4.framework */; };
		OBJ_54 /* Cryptor.framework in Frameworks */ = {isa = PBXBuildFile; fileRef = "Cryptor::Cryptor::Product" /* Cryptor.framework */; };
		OBJ_63 /* AWSAccount.swift in Sources */ = {isa = PBXBuildFile; fileRef = OBJ_9 /* AWSAccount.swift */; };
		OBJ_64 /* Chunking.swift in Sources */ = {isa = PBXBuildFile; fileRef = OBJ_10 /* Chunking.swift */; };
		OBJ_65 /* String+Extensions.swift in Sources */ = {isa = PBXBuildFile; fileRef = OBJ_11 /* String+Extensions.swift */; };
		OBJ_66 /* URLRequest+AWSAccountSigning.swift in Sources */ = {isa = PBXBuildFile; fileRef = OBJ_12 /* URLRequest+AWSAccountSigning.swift */; };
		OBJ_68 /* Cryptor.framework in Frameworks */ = {isa = PBXBuildFile; fileRef = "Cryptor::Cryptor::Product" /* Cryptor.framework */; };
		OBJ_74 /* Crypto.swift in Sources */ = {isa = PBXBuildFile; fileRef = OBJ_19 /* Crypto.swift */; };
		OBJ_75 /* Cryptor.swift in Sources */ = {isa = PBXBuildFile; fileRef = OBJ_20 /* Cryptor.swift */; };
		OBJ_76 /* Digest.swift in Sources */ = {isa = PBXBuildFile; fileRef = OBJ_21 /* Digest.swift */; };
		OBJ_77 /* HMAC.swift in Sources */ = {isa = PBXBuildFile; fileRef = OBJ_22 /* HMAC.swift */; };
		OBJ_78 /* KeyDerivation.swift in Sources */ = {isa = PBXBuildFile; fileRef = OBJ_23 /* KeyDerivation.swift */; };
		OBJ_79 /* Random.swift in Sources */ = {isa = PBXBuildFile; fileRef = OBJ_24 /* Random.swift */; };
		OBJ_80 /* Status.swift in Sources */ = {isa = PBXBuildFile; fileRef = OBJ_25 /* Status.swift */; };
		OBJ_81 /* StreamCryptor.swift in Sources */ = {isa = PBXBuildFile; fileRef = OBJ_26 /* StreamCryptor.swift */; };
		OBJ_82 /* Updatable.swift in Sources */ = {isa = PBXBuildFile; fileRef = OBJ_27 /* Updatable.swift */; };
		OBJ_83 /* Utilities.swift in Sources */ = {isa = PBXBuildFile; fileRef = OBJ_28 /* Utilities.swift */; };
/* End PBXBuildFile section */

/* Begin PBXContainerItemProxy section */
		BF05828C202CF20000ED9223 /* PBXContainerItemProxy */ = {
			isa = PBXContainerItemProxy;
			containerPortal = OBJ_1 /* Project object */;
			proxyType = 1;
			remoteGlobalIDString = "Cryptor::Cryptor";
			remoteInfo = Cryptor;
		};
		BF05828D202CF20000ED9223 /* PBXContainerItemProxy */ = {
			isa = PBXContainerItemProxy;
			containerPortal = OBJ_1 /* Project object */;
			proxyType = 1;
			remoteGlobalIDString = "SwiftAWSSignatureV4::SwiftAWSSignatureV4";
			remoteInfo = SwiftAWSSignatureV4;
		};
		BF05828E202CF20000ED9223 /* PBXContainerItemProxy */ = {
			isa = PBXContainerItemProxy;
			containerPortal = OBJ_1 /* Project object */;
			proxyType = 1;
			remoteGlobalIDString = "Cryptor::Cryptor";
			remoteInfo = Cryptor;
		};
		BF05828F202CF20200ED9223 /* PBXContainerItemProxy */ = {
			isa = PBXContainerItemProxy;
			containerPortal = OBJ_1 /* Project object */;
			proxyType = 1;
			remoteGlobalIDString = "SwiftAWSSignatureV4::SwiftAWSSignatureV4Tests";
			remoteInfo = SwiftAWSSignatureV4Tests;
		};
/* End PBXContainerItemProxy section */

/* Begin PBXFileReference section */
		"Cryptor::Cryptor::Product" /* Cryptor.framework */ = {isa = PBXFileReference; explicitFileType = wrapper.framework; path = Cryptor.framework; sourceTree = BUILT_PRODUCTS_DIR; };
		OBJ_10 /* Chunking.swift */ = {isa = PBXFileReference; lastKnownFileType = sourcecode.swift; path = Chunking.swift; sourceTree = "<group>"; };
		OBJ_11 /* String+Extensions.swift */ = {isa = PBXFileReference; lastKnownFileType = sourcecode.swift; path = "String+Extensions.swift"; sourceTree = "<group>"; };
		OBJ_12 /* URLRequest+AWSAccountSigning.swift */ = {isa = PBXFileReference; lastKnownFileType = sourcecode.swift; path = "URLRequest+AWSAccountSigning.swift"; sourceTree = "<group>"; };
		OBJ_15 /* HexTests.swift */ = {isa = PBXFileReference; lastKnownFileType = sourcecode.swift; path = HexTests.swift; sourceTree = "<group>"; };
		OBJ_19 /* Crypto.swift */ = {isa = PBXFileReference; lastKnownFileType = sourcecode.swift; path = Crypto.swift; sourceTree = "<group>"; };
		OBJ_20 /* Cryptor.swift */ = {isa = PBXFileReference; lastKnownFileType = sourcecode.swift; path = Cryptor.swift; sourceTree = "<group>"; };
		OBJ_21 /* Digest.swift */ = {isa = PBXFileReference; lastKnownFileType = sourcecode.swift; path = Digest.swift; sourceTree = "<group>"; };
		OBJ_22 /* HMAC.swift */ = {isa = PBXFileReference; lastKnownFileType = sourcecode.swift; path = HMAC.swift; sourceTree = "<group>"; };
		OBJ_23 /* KeyDerivation.swift */ = {isa = PBXFileReference; lastKnownFileType = sourcecode.swift; path = KeyDerivation.swift; sourceTree = "<group>"; };
		OBJ_24 /* Random.swift */ = {isa = PBXFileReference; lastKnownFileType = sourcecode.swift; path = Random.swift; sourceTree = "<group>"; };
		OBJ_25 /* Status.swift */ = {isa = PBXFileReference; lastKnownFileType = sourcecode.swift; path = Status.swift; sourceTree = "<group>"; };
		OBJ_26 /* StreamCryptor.swift */ = {isa = PBXFileReference; lastKnownFileType = sourcecode.swift; path = StreamCryptor.swift; sourceTree = "<group>"; };
		OBJ_27 /* Updatable.swift */ = {isa = PBXFileReference; lastKnownFileType = sourcecode.swift; path = Updatable.swift; sourceTree = "<group>"; };
		OBJ_28 /* Utilities.swift */ = {isa = PBXFileReference; lastKnownFileType = sourcecode.swift; path = Utilities.swift; sourceTree = "<group>"; };
		OBJ_29 /* Package.swift */ = {isa = PBXFileReference; explicitFileType = sourcecode.swift; name = Package.swift; path = "/Users/kirilnozharov/Development/work/Cryptonaut/SwiftAWSSignatureV4/.build/checkouts/BlueCryptor.git-2709167748876642405/Package.swift"; sourceTree = "<group>"; };
		OBJ_6 /* Package.swift */ = {isa = PBXFileReference; explicitFileType = sourcecode.swift; path = Package.swift; sourceTree = "<group>"; };
		OBJ_9 /* AWSAccount.swift */ = {isa = PBXFileReference; lastKnownFileType = sourcecode.swift; path = AWSAccount.swift; sourceTree = "<group>"; };
		"SwiftAWSSignatureV4::SwiftAWSSignatureV4::Product" /* SwiftAWSSignatureV4.framework */ = {isa = PBXFileReference; explicitFileType = wrapper.framework; path = SwiftAWSSignatureV4.framework; sourceTree = BUILT_PRODUCTS_DIR; };
		"SwiftAWSSignatureV4::SwiftAWSSignatureV4Tests::Product" /* SwiftAWSSignatureV4Tests.xctest */ = {isa = PBXFileReference; lastKnownFileType = file; path = SwiftAWSSignatureV4Tests.xctest; sourceTree = BUILT_PRODUCTS_DIR; };
/* End PBXFileReference section */

/* Begin PBXFrameworksBuildPhase section */
		OBJ_52 /* Frameworks */ = {
			isa = PBXFrameworksBuildPhase;
			buildActionMask = 0;
			files = (
				OBJ_53 /* SwiftAWSSignatureV4.framework in Frameworks */,
				OBJ_54 /* Cryptor.framework in Frameworks */,
			);
			runOnlyForDeploymentPostprocessing = 0;
		};
		OBJ_67 /* Frameworks */ = {
			isa = PBXFrameworksBuildPhase;
			buildActionMask = 0;
			files = (
				OBJ_68 /* Cryptor.framework in Frameworks */,
			);
			runOnlyForDeploymentPostprocessing = 0;
		};
		OBJ_84 /* Frameworks */ = {
			isa = PBXFrameworksBuildPhase;
			buildActionMask = 0;
			files = (
			);
			runOnlyForDeploymentPostprocessing = 0;
		};
/* End PBXFrameworksBuildPhase section */

/* Begin PBXGroup section */
		OBJ_13 /* Tests */ = {
			isa = PBXGroup;
			children = (
				OBJ_14 /* SwiftAWSSignatureV4Tests */,
			);
			name = Tests;
			sourceTree = SOURCE_ROOT;
		};
		OBJ_14 /* SwiftAWSSignatureV4Tests */ = {
			isa = PBXGroup;
			children = (
				OBJ_15 /* HexTests.swift */,
			);
			name = SwiftAWSSignatureV4Tests;
			path = Tests/SwiftAWSSignatureV4Tests;
			sourceTree = SOURCE_ROOT;
		};
		OBJ_16 /* Dependencies */ = {
			isa = PBXGroup;
			children = (
				OBJ_17 /* Cryptor 0.8.27 */,
			);
			name = Dependencies;
			sourceTree = "<group>";
		};
		OBJ_17 /* Cryptor 0.8.27 */ = {
			isa = PBXGroup;
			children = (
				OBJ_18 /* Cryptor */,
				OBJ_29 /* Package.swift */,
			);
			name = "Cryptor 0.8.27";
			sourceTree = SOURCE_ROOT;
		};
		OBJ_18 /* Cryptor */ = {
			isa = PBXGroup;
			children = (
				OBJ_19 /* Crypto.swift */,
				OBJ_20 /* Cryptor.swift */,
				OBJ_21 /* Digest.swift */,
				OBJ_22 /* HMAC.swift */,
				OBJ_23 /* KeyDerivation.swift */,
				OBJ_24 /* Random.swift */,
				OBJ_25 /* Status.swift */,
				OBJ_26 /* StreamCryptor.swift */,
				OBJ_27 /* Updatable.swift */,
				OBJ_28 /* Utilities.swift */,
			);
			name = Cryptor;
			path = ".build/checkouts/BlueCryptor.git-2709167748876642405/Sources/Cryptor";
			sourceTree = SOURCE_ROOT;
		};
		OBJ_30 /* Products */ = {
			isa = PBXGroup;
			children = (
				"SwiftAWSSignatureV4::SwiftAWSSignatureV4Tests::Product" /* SwiftAWSSignatureV4Tests.xctest */,
				"SwiftAWSSignatureV4::SwiftAWSSignatureV4::Product" /* SwiftAWSSignatureV4.framework */,
				"Cryptor::Cryptor::Product" /* Cryptor.framework */,
			);
			name = Products;
			sourceTree = BUILT_PRODUCTS_DIR;
		};
		OBJ_5 /*  */ = {
			isa = PBXGroup;
			children = (
				OBJ_6 /* Package.swift */,
				OBJ_7 /* Sources */,
				OBJ_13 /* Tests */,
				OBJ_16 /* Dependencies */,
				OBJ_30 /* Products */,
			);
			name = "";
			sourceTree = "<group>";
		};
		OBJ_7 /* Sources */ = {
			isa = PBXGroup;
			children = (
				OBJ_8 /* SwiftAWSSignatureV4 */,
			);
			name = Sources;
			sourceTree = SOURCE_ROOT;
		};
		OBJ_8 /* SwiftAWSSignatureV4 */ = {
			isa = PBXGroup;
			children = (
				OBJ_9 /* AWSAccount.swift */,
				OBJ_10 /* Chunking.swift */,
				OBJ_11 /* String+Extensions.swift */,
				OBJ_12 /* URLRequest+AWSAccountSigning.swift */,
			);
			name = SwiftAWSSignatureV4;
			path = Sources/SwiftAWSSignatureV4;
			sourceTree = SOURCE_ROOT;
		};
/* End PBXGroup section */

/* Begin PBXNativeTarget section */
		"Cryptor::Cryptor" /* Cryptor */ = {
			isa = PBXNativeTarget;
			buildConfigurationList = OBJ_70 /* Build configuration list for PBXNativeTarget "Cryptor" */;
			buildPhases = (
				OBJ_73 /* Sources */,
				OBJ_84 /* Frameworks */,
			);
			buildRules = (
			);
			dependencies = (
			);
			name = Cryptor;
			productName = Cryptor;
			productReference = "Cryptor::Cryptor::Product" /* Cryptor.framework */;
			productType = "com.apple.product-type.framework";
		};
		"Cryptor::SwiftPMPackageDescription" /* CryptorPackageDescription */ = {
			isa = PBXNativeTarget;
			buildConfigurationList = OBJ_41 /* Build configuration list for PBXNativeTarget "CryptorPackageDescription" */;
			buildPhases = (
				OBJ_44 /* Sources */,
			);
			buildRules = (
			);
			dependencies = (
			);
			name = CryptorPackageDescription;
			productName = CryptorPackageDescription;
			productType = "com.apple.product-type.framework";
		};
		"SwiftAWSSignatureV4::SwiftAWSSignatureV4" /* SwiftAWSSignatureV4 */ = {
			isa = PBXNativeTarget;
			buildConfigurationList = OBJ_59 /* Build configuration list for PBXNativeTarget "SwiftAWSSignatureV4" */;
			buildPhases = (
				OBJ_62 /* Sources */,
				OBJ_67 /* Frameworks */,
			);
			buildRules = (
			);
			dependencies = (
				OBJ_69 /* PBXTargetDependency */,
			);
			name = SwiftAWSSignatureV4;
			productName = SwiftAWSSignatureV4;
			productReference = "SwiftAWSSignatureV4::SwiftAWSSignatureV4::Product" /* SwiftAWSSignatureV4.framework */;
			productType = "com.apple.product-type.framework";
		};
		"SwiftAWSSignatureV4::SwiftAWSSignatureV4Tests" /* SwiftAWSSignatureV4Tests */ = {
			isa = PBXNativeTarget;
			buildConfigurationList = OBJ_47 /* Build configuration list for PBXNativeTarget "SwiftAWSSignatureV4Tests" */;
			buildPhases = (
				OBJ_50 /* Sources */,
				OBJ_52 /* Frameworks */,
			);
			buildRules = (
			);
			dependencies = (
				OBJ_55 /* PBXTargetDependency */,
				OBJ_57 /* PBXTargetDependency */,
			);
			name = SwiftAWSSignatureV4Tests;
			productName = SwiftAWSSignatureV4Tests;
			productReference = "SwiftAWSSignatureV4::SwiftAWSSignatureV4Tests::Product" /* SwiftAWSSignatureV4Tests.xctest */;
			productType = "com.apple.product-type.bundle.unit-test";
		};
		"SwiftAWSSignatureV4::SwiftPMPackageDescription" /* SwiftAWSSignatureV4PackageDescription */ = {
			isa = PBXNativeTarget;
			buildConfigurationList = OBJ_35 /* Build configuration list for PBXNativeTarget "SwiftAWSSignatureV4PackageDescription" */;
			buildPhases = (
				OBJ_38 /* Sources */,
			);
			buildRules = (
			);
			dependencies = (
			);
			name = SwiftAWSSignatureV4PackageDescription;
			productName = SwiftAWSSignatureV4PackageDescription;
			productType = "com.apple.product-type.framework";
		};
/* End PBXNativeTarget section */

/* Begin PBXProject section */
		OBJ_1 /* Project object */ = {
			isa = PBXProject;
			attributes = {
				LastUpgradeCheck = 9999;
			};
			buildConfigurationList = OBJ_2 /* Build configuration list for PBXProject "SwiftAWSSignatureV4" */;
			compatibilityVersion = "Xcode 3.2";
			developmentRegion = English;
			hasScannedForEncodings = 0;
			knownRegions = (
				en,
			);
			mainGroup = OBJ_5 /*  */;
			productRefGroup = OBJ_30 /* Products */;
			projectDirPath = "";
			projectRoot = "";
			targets = (
				"SwiftAWSSignatureV4::SwiftPMPackageDescription" /* SwiftAWSSignatureV4PackageDescription */,
				"Cryptor::SwiftPMPackageDescription" /* CryptorPackageDescription */,
				"SwiftAWSSignatureV4::SwiftAWSSignatureV4Tests" /* SwiftAWSSignatureV4Tests */,
				"SwiftAWSSignatureV4::SwiftAWSSignatureV4" /* SwiftAWSSignatureV4 */,
				"Cryptor::Cryptor" /* Cryptor */,
				"SwiftAWSSignatureV4::SwiftAWSSignatureV4PackageTests::ProductTarget" /* SwiftAWSSignatureV4PackageTests */,
				"CommonCrypto::CommonCrypto::ProductTarget" /* CommonCrypto */,
			);
		};
/* End PBXProject section */

/* Begin PBXSourcesBuildPhase section */
		OBJ_38 /* Sources */ = {
			isa = PBXSourcesBuildPhase;
			buildActionMask = 0;
			files = (
				OBJ_39 /* Package.swift in Sources */,
			);
			runOnlyForDeploymentPostprocessing = 0;
		};
		OBJ_44 /* Sources */ = {
			isa = PBXSourcesBuildPhase;
			buildActionMask = 0;
			files = (
				OBJ_45 /* Package.swift in Sources */,
			);
			runOnlyForDeploymentPostprocessing = 0;
		};
		OBJ_50 /* Sources */ = {
			isa = PBXSourcesBuildPhase;
			buildActionMask = 0;
			files = (
				OBJ_51 /* HexTests.swift in Sources */,
			);
			runOnlyForDeploymentPostprocessing = 0;
		};
		OBJ_62 /* Sources */ = {
			isa = PBXSourcesBuildPhase;
			buildActionMask = 0;
			files = (
				OBJ_63 /* AWSAccount.swift in Sources */,
				OBJ_64 /* Chunking.swift in Sources */,
				OBJ_65 /* String+Extensions.swift in Sources */,
				OBJ_66 /* URLRequest+AWSAccountSigning.swift in Sources */,
			);
			runOnlyForDeploymentPostprocessing = 0;
		};
		OBJ_73 /* Sources */ = {
			isa = PBXSourcesBuildPhase;
			buildActionMask = 0;
			files = (
				OBJ_74 /* Crypto.swift in Sources */,
				OBJ_75 /* Cryptor.swift in Sources */,
				OBJ_76 /* Digest.swift in Sources */,
				OBJ_77 /* HMAC.swift in Sources */,
				OBJ_78 /* KeyDerivation.swift in Sources */,
				OBJ_79 /* Random.swift in Sources */,
				OBJ_80 /* Status.swift in Sources */,
				OBJ_81 /* StreamCryptor.swift in Sources */,
				OBJ_82 /* Updatable.swift in Sources */,
				OBJ_83 /* Utilities.swift in Sources */,
			);
			runOnlyForDeploymentPostprocessing = 0;
		};
/* End PBXSourcesBuildPhase section */

/* Begin PBXTargetDependency section */
		OBJ_55 /* PBXTargetDependency */ = {
			isa = PBXTargetDependency;
			target = "SwiftAWSSignatureV4::SwiftAWSSignatureV4" /* SwiftAWSSignatureV4 */;
			targetProxy = BF05828D202CF20000ED9223 /* PBXContainerItemProxy */;
		};
		OBJ_57 /* PBXTargetDependency */ = {
			isa = PBXTargetDependency;
			target = "Cryptor::Cryptor" /* Cryptor */;
			targetProxy = BF05828E202CF20000ED9223 /* PBXContainerItemProxy */;
		};
		OBJ_69 /* PBXTargetDependency */ = {
			isa = PBXTargetDependency;
			target = "Cryptor::Cryptor" /* Cryptor */;
			targetProxy = BF05828C202CF20000ED9223 /* PBXContainerItemProxy */;
		};
		OBJ_89 /* PBXTargetDependency */ = {
			isa = PBXTargetDependency;
			target = "SwiftAWSSignatureV4::SwiftAWSSignatureV4Tests" /* SwiftAWSSignatureV4Tests */;
			targetProxy = BF05828F202CF20200ED9223 /* PBXContainerItemProxy */;
		};
/* End PBXTargetDependency section */

/* Begin XCBuildConfiguration section */
		OBJ_3 /* Debug */ = {
			isa = XCBuildConfiguration;
			buildSettings = {
				CLANG_ENABLE_OBJC_ARC = YES;
				COMBINE_HIDPI_IMAGES = YES;
				COPY_PHASE_STRIP = NO;
				DEBUG_INFORMATION_FORMAT = dwarf;
				DYLIB_INSTALL_NAME_BASE = "@rpath";
				ENABLE_NS_ASSERTIONS = YES;
				GCC_OPTIMIZATION_LEVEL = 0;
				MACOSX_DEPLOYMENT_TARGET = 10.10;
				ONLY_ACTIVE_ARCH = YES;
				OTHER_SWIFT_FLAGS = "-DXcode";
				PRODUCT_NAME = "$(TARGET_NAME)";
				SDKROOT = macosx;
				SUPPORTED_PLATFORMS = "macosx iphoneos iphonesimulator appletvos appletvsimulator watchos watchsimulator";
				SWIFT_ACTIVE_COMPILATION_CONDITIONS = SWIFT_PACKAGE;
				SWIFT_OPTIMIZATION_LEVEL = "-Onone";
				USE_HEADERMAP = NO;
			};
			name = Debug;
		};
		OBJ_36 /* Debug */ = {
			isa = XCBuildConfiguration;
			buildSettings = {
				LD = /usr/bin/true;
				OTHER_SWIFT_FLAGS = "-swift-version 4 -I /Applications/Xcode.app/Contents/Developer/Toolchains/XcodeDefault.xctoolchain/usr/lib/swift/pm/4 -target x86_64-apple-macosx10.10 -sdk /Applications/Xcode.app/Contents/Developer/Platforms/MacOSX.platform/Developer/SDKs/MacOSX10.13.sdk";
				SWIFT_VERSION = 4.0;
			};
			name = Debug;
		};
		OBJ_37 /* Release */ = {
			isa = XCBuildConfiguration;
			buildSettings = {
				LD = /usr/bin/true;
				OTHER_SWIFT_FLAGS = "-swift-version 4 -I /Applications/Xcode.app/Contents/Developer/Toolchains/XcodeDefault.xctoolchain/usr/lib/swift/pm/4 -target x86_64-apple-macosx10.10 -sdk /Applications/Xcode.app/Contents/Developer/Platforms/MacOSX.platform/Developer/SDKs/MacOSX10.13.sdk";
				SWIFT_VERSION = 4.0;
			};
			name = Release;
		};
		OBJ_4 /* Release */ = {
			isa = XCBuildConfiguration;
			buildSettings = {
				CLANG_ENABLE_OBJC_ARC = YES;
				COMBINE_HIDPI_IMAGES = YES;
				COPY_PHASE_STRIP = YES;
				DEBUG_INFORMATION_FORMAT = "dwarf-with-dsym";
				DYLIB_INSTALL_NAME_BASE = "@rpath";
				GCC_OPTIMIZATION_LEVEL = s;
				MACOSX_DEPLOYMENT_TARGET = 10.10;
				OTHER_SWIFT_FLAGS = "-DXcode";
				PRODUCT_NAME = "$(TARGET_NAME)";
				SDKROOT = macosx;
				SUPPORTED_PLATFORMS = "macosx iphoneos iphonesimulator appletvos appletvsimulator watchos watchsimulator";
				SWIFT_ACTIVE_COMPILATION_CONDITIONS = SWIFT_PACKAGE;
				SWIFT_OPTIMIZATION_LEVEL = "-Owholemodule";
				USE_HEADERMAP = NO;
			};
			name = Release;
		};
		OBJ_42 /* Debug */ = {
			isa = XCBuildConfiguration;
			buildSettings = {
				LD = /usr/bin/true;
				OTHER_SWIFT_FLAGS = "-swift-version 4 -I /Applications/Xcode.app/Contents/Developer/Toolchains/XcodeDefault.xctoolchain/usr/lib/swift/pm/4 -target x86_64-apple-macosx10.10 -sdk /Applications/Xcode.app/Contents/Developer/Platforms/MacOSX.platform/Developer/SDKs/MacOSX10.13.sdk";
				SWIFT_VERSION = 4.0;
			};
			name = Debug;
		};
		OBJ_43 /* Release */ = {
			isa = XCBuildConfiguration;
			buildSettings = {
				LD = /usr/bin/true;
				OTHER_SWIFT_FLAGS = "-swift-version 4 -I /Applications/Xcode.app/Contents/Developer/Toolchains/XcodeDefault.xctoolchain/usr/lib/swift/pm/4 -target x86_64-apple-macosx10.10 -sdk /Applications/Xcode.app/Contents/Developer/Platforms/MacOSX.platform/Developer/SDKs/MacOSX10.13.sdk";
				SWIFT_VERSION = 4.0;
			};
			name = Release;
		};
		OBJ_48 /* Debug */ = {
			isa = XCBuildConfiguration;
			buildSettings = {
				EMBEDDED_CONTENT_CONTAINS_SWIFT = YES;
				FRAMEWORK_SEARCH_PATHS = (
					"$(inherited)",
					"$(PLATFORM_DIR)/Developer/Library/Frameworks",
				);
				HEADER_SEARCH_PATHS = (
					"$(inherited)",
					"$(SRCROOT)/.build/checkouts/CommonCrypto.git-1219305460334093717",
				);
				INFOPLIST_FILE = SwiftAWSSignatureV4.xcodeproj/SwiftAWSSignatureV4Tests_Info.plist;
				LD_RUNPATH_SEARCH_PATHS = "@loader_path/../Frameworks @loader_path/Frameworks";
				OTHER_LDFLAGS = "$(inherited)";
				OTHER_SWIFT_FLAGS = "$(inherited)";
				SWIFT_VERSION = 4.0;
				TARGET_NAME = SwiftAWSSignatureV4Tests;
			};
			name = Debug;
		};
		OBJ_49 /* Release */ = {
			isa = XCBuildConfiguration;
			buildSettings = {
				EMBEDDED_CONTENT_CONTAINS_SWIFT = YES;
				FRAMEWORK_SEARCH_PATHS = (
					"$(inherited)",
					"$(PLATFORM_DIR)/Developer/Library/Frameworks",
				);
				HEADER_SEARCH_PATHS = (
					"$(inherited)",
					"$(SRCROOT)/.build/checkouts/CommonCrypto.git-1219305460334093717",
				);
				INFOPLIST_FILE = SwiftAWSSignatureV4.xcodeproj/SwiftAWSSignatureV4Tests_Info.plist;
				LD_RUNPATH_SEARCH_PATHS = "@loader_path/../Frameworks @loader_path/Frameworks";
				OTHER_LDFLAGS = "$(inherited)";
				OTHER_SWIFT_FLAGS = "$(inherited)";
				SWIFT_VERSION = 4.0;
				TARGET_NAME = SwiftAWSSignatureV4Tests;
			};
			name = Release;
		};
		OBJ_60 /* Debug */ = {
			isa = XCBuildConfiguration;
			buildSettings = {
				ENABLE_TESTABILITY = YES;
				FRAMEWORK_SEARCH_PATHS = (
					"$(inherited)",
					"$(PLATFORM_DIR)/Developer/Library/Frameworks",
				);
				HEADER_SEARCH_PATHS = (
					"$(inherited)",
					"$(SRCROOT)/.build/checkouts/CommonCrypto.git-1219305460334093717",
				);
				INFOPLIST_FILE = SwiftAWSSignatureV4.xcodeproj/SwiftAWSSignatureV4_Info.plist;
				LD_RUNPATH_SEARCH_PATHS = "$(TOOLCHAIN_DIR)/usr/lib/swift/macosx";
				OTHER_LDFLAGS = "$(inherited)";
				OTHER_SWIFT_FLAGS = "$(inherited)";
				PRODUCT_BUNDLE_IDENTIFIER = SwiftAWSSignatureV4;
				PRODUCT_MODULE_NAME = "$(TARGET_NAME:c99extidentifier)";
				PRODUCT_NAME = "$(TARGET_NAME:c99extidentifier)";
				SKIP_INSTALL = YES;
				SWIFT_VERSION = 4.0;
				TARGET_NAME = SwiftAWSSignatureV4;
			};
			name = Debug;
		};
		OBJ_61 /* Release */ = {
			isa = XCBuildConfiguration;
			buildSettings = {
				ENABLE_TESTABILITY = YES;
				FRAMEWORK_SEARCH_PATHS = (
					"$(inherited)",
					"$(PLATFORM_DIR)/Developer/Library/Frameworks",
				);
				HEADER_SEARCH_PATHS = (
					"$(inherited)",
					"$(SRCROOT)/.build/checkouts/CommonCrypto.git-1219305460334093717",
				);
				INFOPLIST_FILE = SwiftAWSSignatureV4.xcodeproj/SwiftAWSSignatureV4_Info.plist;
				LD_RUNPATH_SEARCH_PATHS = "$(TOOLCHAIN_DIR)/usr/lib/swift/macosx";
				OTHER_LDFLAGS = "$(inherited)";
				OTHER_SWIFT_FLAGS = "$(inherited)";
				PRODUCT_BUNDLE_IDENTIFIER = SwiftAWSSignatureV4;
				PRODUCT_MODULE_NAME = "$(TARGET_NAME:c99extidentifier)";
				PRODUCT_NAME = "$(TARGET_NAME:c99extidentifier)";
				SKIP_INSTALL = YES;
				SWIFT_VERSION = 4.0;
				TARGET_NAME = SwiftAWSSignatureV4;
			};
			name = Release;
		};
		OBJ_71 /* Debug */ = {
			isa = XCBuildConfiguration;
			buildSettings = {
				ENABLE_TESTABILITY = YES;
				FRAMEWORK_SEARCH_PATHS = (
					"$(inherited)",
					"$(PLATFORM_DIR)/Developer/Library/Frameworks",
				);
				HEADER_SEARCH_PATHS = (
					"$(inherited)",
					"$(SRCROOT)/.build/checkouts/CommonCrypto.git-1219305460334093717",
				);
				INFOPLIST_FILE = SwiftAWSSignatureV4.xcodeproj/Cryptor_Info.plist;
				LD_RUNPATH_SEARCH_PATHS = "$(TOOLCHAIN_DIR)/usr/lib/swift/macosx";
				OTHER_LDFLAGS = "$(inherited)";
				OTHER_SWIFT_FLAGS = "$(inherited)";
				PRODUCT_BUNDLE_IDENTIFIER = Cryptor;
				PRODUCT_MODULE_NAME = "$(TARGET_NAME:c99extidentifier)";
				PRODUCT_NAME = "$(TARGET_NAME:c99extidentifier)";
				SKIP_INSTALL = YES;
				SWIFT_VERSION = 4.0;
				TARGET_NAME = Cryptor;
			};
			name = Debug;
		};
		OBJ_72 /* Release */ = {
			isa = XCBuildConfiguration;
			buildSettings = {
				ENABLE_TESTABILITY = YES;
				FRAMEWORK_SEARCH_PATHS = (
					"$(inherited)",
					"$(PLATFORM_DIR)/Developer/Library/Frameworks",
				);
				HEADER_SEARCH_PATHS = (
					"$(inherited)",
					"$(SRCROOT)/.build/checkouts/CommonCrypto.git-1219305460334093717",
				);
				INFOPLIST_FILE = SwiftAWSSignatureV4.xcodeproj/Cryptor_Info.plist;
				LD_RUNPATH_SEARCH_PATHS = "$(TOOLCHAIN_DIR)/usr/lib/swift/macosx";
				OTHER_LDFLAGS = "$(inherited)";
				OTHER_SWIFT_FLAGS = "$(inherited)";
				PRODUCT_BUNDLE_IDENTIFIER = Cryptor;
				PRODUCT_MODULE_NAME = "$(TARGET_NAME:c99extidentifier)";
				PRODUCT_NAME = "$(TARGET_NAME:c99extidentifier)";
				SKIP_INSTALL = YES;
				SWIFT_VERSION = 4.0;
				TARGET_NAME = Cryptor;
			};
			name = Release;
		};
		OBJ_87 /* Debug */ = {
			isa = XCBuildConfiguration;
			buildSettings = {
			};
			name = Debug;
		};
		OBJ_88 /* Release */ = {
			isa = XCBuildConfiguration;
			buildSettings = {
			};
			name = Release;
		};
		OBJ_92 /* Debug */ = {
			isa = XCBuildConfiguration;
			buildSettings = {
			};
			name = Debug;
		};
		OBJ_93 /* Release */ = {
			isa = XCBuildConfiguration;
			buildSettings = {
			};
			name = Release;
		};
/* End XCBuildConfiguration section */

/* Begin XCConfigurationList section */
		OBJ_2 /* Build configuration list for PBXProject "SwiftAWSSignatureV4" */ = {
			isa = XCConfigurationList;
			buildConfigurations = (
				OBJ_3 /* Debug */,
				OBJ_4 /* Release */,
			);
			defaultConfigurationIsVisible = 0;
			defaultConfigurationName = Debug;
		};
		OBJ_35 /* Build configuration list for PBXNativeTarget "SwiftAWSSignatureV4PackageDescription" */ = {
			isa = XCConfigurationList;
			buildConfigurations = (
				OBJ_36 /* Debug */,
				OBJ_37 /* Release */,
			);
			defaultConfigurationIsVisible = 0;
			defaultConfigurationName = Debug;
		};
		OBJ_41 /* Build configuration list for PBXNativeTarget "CryptorPackageDescription" */ = {
			isa = XCConfigurationList;
			buildConfigurations = (
				OBJ_42 /* Debug */,
				OBJ_43 /* Release */,
			);
			defaultConfigurationIsVisible = 0;
			defaultConfigurationName = Debug;
		};
		OBJ_47 /* Build configuration list for PBXNativeTarget "SwiftAWSSignatureV4Tests" */ = {
			isa = XCConfigurationList;
			buildConfigurations = (
				OBJ_48 /* Debug */,
				OBJ_49 /* Release */,
			);
			defaultConfigurationIsVisible = 0;
			defaultConfigurationName = Debug;
		};
		OBJ_59 /* Build configuration list for PBXNativeTarget "SwiftAWSSignatureV4" */ = {
			isa = XCConfigurationList;
			buildConfigurations = (
				OBJ_60 /* Debug */,
				OBJ_61 /* Release */,
			);
			defaultConfigurationIsVisible = 0;
			defaultConfigurationName = Debug;
		};
		OBJ_70 /* Build configuration list for PBXNativeTarget "Cryptor" */ = {
			isa = XCConfigurationList;
			buildConfigurations = (
				OBJ_71 /* Debug */,
				OBJ_72 /* Release */,
			);
			defaultConfigurationIsVisible = 0;
			defaultConfigurationName = Debug;
		};
		OBJ_86 /* Build configuration list for PBXAggregateTarget "SwiftAWSSignatureV4PackageTests" */ = {
			isa = XCConfigurationList;
			buildConfigurations = (
				OBJ_87 /* Debug */,
				OBJ_88 /* Release */,
			);
			defaultConfigurationIsVisible = 0;
			defaultConfigurationName = Debug;
		};
		OBJ_91 /* Build configuration list for PBXAggregateTarget "CommonCrypto" */ = {
			isa = XCConfigurationList;
			buildConfigurations = (
				OBJ_92 /* Debug */,
				OBJ_93 /* Release */,
			);
			defaultConfigurationIsVisible = 0;
			defaultConfigurationName = Debug;
		};
/* End XCConfigurationList section */
	};
	rootObject = OBJ_1 /* Project object */;
}
